
Microsoft Visual Studio Solution File, Format Version 12.00
# Visual Studio Version 17
VisualStudioVersion = 17.3.32819.101
MinimumVisualStudioVersion = 10.0.40219.1
Project("{9A19103F-16F7-4668-BE54-9A1E7A4F7556}") = "LibraryManager", "LibraryManager.csproj", "{607E4212-E481-4E79-A038-B626A314D46B}"
EndProject
Project("{9A19103F-16F7-4668-BE54-9A1E7A4F7556}") = "LibraryManagerTest", "..\LibraryManagerTest\LibraryManagerTest\LibraryManagerTest.csproj", "{AA385502-7BF5-4D72-A69B-2B7B17C88E8B}"
EndProject
Global
	GlobalSection(SolutionConfigurationPlatforms) = preSolution
		Debug|Any CPU = Debug|Any CPU
		Release|Any CPU = Release|Any CPU
	EndGlobalSection
	GlobalSection(ProjectConfigurationPlatforms) = postSolution
		{607E4212-E481-4E79-A038-B626A314D46B}.Debug|Any CPU.ActiveCfg = Debug|Any CPU
		{607E4212-E481-4E79-A038-B626A314D46B}.Debug|Any CPU.Build.0 = Debug|Any CPU
		{607E4212-E481-4E79-A038-B626A314D46B}.Release|Any CPU.ActiveCfg = Release|Any CPU
		{607E4212-E481-4E79-A038-B626A314D46B}.Release|Any CPU.Build.0 = Release|Any CPU
		{AA385502-7BF5-4D72-A69B-2B7B17C88E8B}.Debug|Any CPU.ActiveCfg = Debug|Any CPU
		{AA385502-7BF5-4D72-A69B-2B7B17C88E8B}.Debug|Any CPU.Build.0 = Debug|Any CPU
		{AA385502-7BF5-4D72-A69B-2B7B17C88E8B}.Release|Any CPU.ActiveCfg = Release|Any CPU
		{AA385502-7BF5-4D72-A69B-2B7B17C88E8B}.Release|Any CPU.Build.0 = Release|Any CPU
	EndGlobalSection
	GlobalSection(SolutionProperties) = preSolution
		HideSolutionNode = FALSE
	EndGlobalSection
	GlobalSection(ExtensibilityGlobals) = postSolution
		SolutionGuid = {591EF671-FDF1-459B-A343-097DC2DBC26D}
	EndGlobalSection
EndGlobal
